
Microsoft Visual Studio Solution File, Format Version 12.00
# Visual Studio Version 17
VisualStudioVersion = 17.7.34018.315
MinimumVisualStudioVersion = 10.0.40219.1
Project("{FAE04EC0-301F-11D3-BF4B-00C04F79EFBC}") = "Opdracht2", "Opdracht2.csproj", "{4BF185D0-D6A3-43B3-8476-B69AFD1A23E7}"
EndProject
Global
	GlobalSection(SolutionConfigurationPlatforms) = preSolution
		Debug|Any CPU = Debug|Any CPU
		Release|Any CPU = Release|Any CPU
	EndGlobalSection
	GlobalSection(ProjectConfigurationPlatforms) = postSolution
		{4BF185D0-D6A3-43B3-8476-B69AFD1A23E7}.Debug|Any CPU.ActiveCfg = Debug|Any CPU
		{4BF185D0-D6A3-43B3-8476-B69AFD1A23E7}.Debug|Any CPU.Build.0 = Debug|Any CPU
		{4BF185D0-D6A3-43B3-8476-B69AFD1A23E7}.Release|Any CPU.ActiveCfg = Release|Any CPU
		{4BF185D0-D6A3-43B3-8476-B69AFD1A23E7}.Release|Any CPU.Build.0 = Release|Any CPU
	EndGlobalSection
	GlobalSection(SolutionProperties) = preSolution
		HideSolutionNode = FALSE
	EndGlobalSection
	GlobalSection(ExtensibilityGlobals) = postSolution
		SolutionGuid = {4278AB1C-2262-4308-B256-B49F77C8788F}
	EndGlobalSection
EndGlobal
